{
  "name": "GardenMockups",
  "lockfileVersion": 2,
  "requires": true,
  "packages": {
    "": {
      "dependencies": {
        "dom-to-image": "^2.6.0",
        "leaflet.bigimage": "^1.0.1"
      }
    },
    "node_modules/dom-to-image": {
      "version": "2.6.0",
      "resolved": "https://registry.npmjs.org/dom-to-image/-/dom-to-image-2.6.0.tgz",
      "integrity": "sha1-ilA2CAiMh7HCL5A0rgMuGJiVWGc="
    },
    "node_modules/leaflet.bigimage": {
      "version": "1.0.1",
      "resolved": "https://registry.npmjs.org/leaflet.bigimage/-/leaflet.bigimage-1.0.1.tgz",
      "integrity": "sha512-ZCqvjgudLau5WevjFjMN4pXjAZV0BUtf3sYnXD1p+uviza9GLx218ckj5lHE+bcakkIufFR7ZSSt1iiUY+9AZA=="
    }
  },
  "dependencies": {
    "dom-to-image": {
      "version": "2.6.0",
      "resolved": "https://registry.npmjs.org/dom-to-image/-/dom-to-image-2.6.0.tgz",
      "integrity": "sha1-ilA2CAiMh7HCL5A0rgMuGJiVWGc="
    },
    "leaflet.bigimage": {
      "version": "1.0.1",
      "resolved": "https://registry.npmjs.org/leaflet.bigimage/-/leaflet.bigimage-1.0.1.tgz",
      "integrity": "sha512-ZCqvjgudLau5WevjFjMN4pXjAZV0BUtf3sYnXD1p+uviza9GLx218ckj5lHE+bcakkIufFR7ZSSt1iiUY+9AZA=="
    }
  }
}
