{
  "name": "prototype2",
  "lockfileVersion": 2,
  "requires": true,
  "packages": {
    "": {
      "dependencies": {
        "leaflet-easyprint": "^2.1.9",
        "leaflet-easyprint-bbox": "^0.2.20",
        "leaflet-image": "^0.4.0",
        "leaflet.bigimage": "^1.0.1"
      }
    },
    "node_modules/d3-queue": {
      "version": "2.0.3",
      "resolved": "https://registry.npmjs.org/d3-queue/-/d3-queue-2.0.3.tgz",
      "integrity": "sha1-B/vaOsrlNYqcUpmq+ICt8JU+0sI="
    },
    "node_modules/dom-to-image": {
      "version": "2.6.0",
      "resolved": "https://registry.npmjs.org/dom-to-image/-/dom-to-image-2.6.0.tgz",
      "integrity": "sha1-ilA2CAiMh7HCL5A0rgMuGJiVWGc="
    },
    "node_modules/dom-to-image-more": {
      "version": "2.9.4",
      "resolved": "https://registry.npmjs.org/dom-to-image-more/-/dom-to-image-more-2.9.4.tgz",
      "integrity": "sha512-f01Ab3MEQn01jC7L9cNF5pVHhnZglP93BgMnWTJ4ymrpwzdIGvNZ7z7URL88TsNrVUBISabFsyNGlyjK9fcPKg=="
    },
    "node_modules/file-saver": {
      "version": "1.3.8",
      "resolved": "https://registry.npmjs.org/file-saver/-/file-saver-1.3.8.tgz",
      "integrity": "sha512-spKHSBQIxxS81N/O21WmuXA2F6wppUCsutpzenOeZzOCCJ5gEfcbqJP983IrpLXzYmXnMUa6J03SubcNPdKrlg=="
    },
    "node_modules/leaflet-easyprint": {
      "version": "2.1.9",
      "resolved": "https://registry.npmjs.org/leaflet-easyprint/-/leaflet-easyprint-2.1.9.tgz",
      "integrity": "sha1-7Tlcfh43elzdlE98wHIW/q6duDM=",
      "dependencies": {
        "dom-to-image": "^2.5.2",
        "file-saver": "^1.3.3"
      }
    },
    "node_modules/leaflet-easyprint-bbox": {
      "version": "0.2.20",
      "resolved": "https://registry.npmjs.org/leaflet-easyprint-bbox/-/leaflet-easyprint-bbox-0.2.20.tgz",
      "integrity": "sha512-Og0pk9ZF4cTsKDo7Ajq6Q6NzrSkDnvVjwgC2ImmrebpfVF1FWkWJnSNdAjREEWwtOw5w3X8QykiEud31ej5UbA==",
      "dependencies": {
        "dom-to-image-more": "^2.8.0",
        "file-saver": "^1.3.3"
      }
    },
    "node_modules/leaflet-image": {
      "version": "0.4.0",
      "resolved": "https://registry.npmjs.org/leaflet-image/-/leaflet-image-0.4.0.tgz",
      "integrity": "sha1-6E8i/2KI8JubDi9RpIUKnweWjME=",
      "dependencies": {
        "d3-queue": "2.0.3"
      }
    },
    "node_modules/leaflet.bigimage": {
      "version": "1.0.1",
      "resolved": "https://registry.npmjs.org/leaflet.bigimage/-/leaflet.bigimage-1.0.1.tgz",
      "integrity": "sha512-ZCqvjgudLau5WevjFjMN4pXjAZV0BUtf3sYnXD1p+uviza9GLx218ckj5lHE+bcakkIufFR7ZSSt1iiUY+9AZA=="
    }
  },
  "dependencies": {
    "d3-queue": {
      "version": "2.0.3",
      "resolved": "https://registry.npmjs.org/d3-queue/-/d3-queue-2.0.3.tgz",
      "integrity": "sha1-B/vaOsrlNYqcUpmq+ICt8JU+0sI="
    },
    "dom-to-image": {
      "version": "2.6.0",
      "resolved": "https://registry.npmjs.org/dom-to-image/-/dom-to-image-2.6.0.tgz",
      "integrity": "sha1-ilA2CAiMh7HCL5A0rgMuGJiVWGc="
    },
    "dom-to-image-more": {
      "version": "2.9.4",
      "resolved": "https://registry.npmjs.org/dom-to-image-more/-/dom-to-image-more-2.9.4.tgz",
      "integrity": "sha512-f01Ab3MEQn01jC7L9cNF5pVHhnZglP93BgMnWTJ4ymrpwzdIGvNZ7z7URL88TsNrVUBISabFsyNGlyjK9fcPKg=="
    },
    "file-saver": {
      "version": "1.3.8",
      "resolved": "https://registry.npmjs.org/file-saver/-/file-saver-1.3.8.tgz",
      "integrity": "sha512-spKHSBQIxxS81N/O21WmuXA2F6wppUCsutpzenOeZzOCCJ5gEfcbqJP983IrpLXzYmXnMUa6J03SubcNPdKrlg=="
    },
    "leaflet-easyprint": {
      "version": "2.1.9",
      "resolved": "https://registry.npmjs.org/leaflet-easyprint/-/leaflet-easyprint-2.1.9.tgz",
      "integrity": "sha1-7Tlcfh43elzdlE98wHIW/q6duDM=",
      "requires": {
        "dom-to-image": "^2.5.2",
        "file-saver": "^1.3.3"
      }
    },
    "leaflet-easyprint-bbox": {
      "version": "0.2.20",
      "resolved": "https://registry.npmjs.org/leaflet-easyprint-bbox/-/leaflet-easyprint-bbox-0.2.20.tgz",
      "integrity": "sha512-Og0pk9ZF4cTsKDo7Ajq6Q6NzrSkDnvVjwgC2ImmrebpfVF1FWkWJnSNdAjREEWwtOw5w3X8QykiEud31ej5UbA==",
      "requires": {
        "dom-to-image-more": "^2.8.0",
        "file-saver": "^1.3.3"
      }
    },
    "leaflet-image": {
      "version": "0.4.0",
      "resolved": "https://registry.npmjs.org/leaflet-image/-/leaflet-image-0.4.0.tgz",
      "integrity": "sha1-6E8i/2KI8JubDi9RpIUKnweWjME=",
      "requires": {
        "d3-queue": "2.0.3"
      }
    },
    "leaflet.bigimage": {
      "version": "1.0.1",
      "resolved": "https://registry.npmjs.org/leaflet.bigimage/-/leaflet.bigimage-1.0.1.tgz",
      "integrity": "sha512-ZCqvjgudLau5WevjFjMN4pXjAZV0BUtf3sYnXD1p+uviza9GLx218ckj5lHE+bcakkIufFR7ZSSt1iiUY+9AZA=="
    }
  }
}
